
Microsoft Visual Studio Solution File, Format Version 12.00
# Visual Studio 15
VisualStudioVersion = 15.0.27428.2037
MinimumVisualStudioVersion = 10.0.40219.1
Project("{888888A0-9F3D-457C-B088-3A5042F75D52}") = "BreakingTheRecords", "BreakingTheRecords\BreakingTheRecords.pyproj", "{A30D5426-C95B-44FF-AF79-D4191231B535}"
EndProject
Global
	GlobalSection(SolutionConfigurationPlatforms) = preSolution
		Debug|Any CPU = Debug|Any CPU
		Release|Any CPU = Release|Any CPU
	EndGlobalSection
	GlobalSection(ProjectConfigurationPlatforms) = postSolution
		{A30D5426-C95B-44FF-AF79-D4191231B535}.Debug|Any CPU.ActiveCfg = Debug|Any CPU
		{A30D5426-C95B-44FF-AF79-D4191231B535}.Release|Any CPU.ActiveCfg = Release|Any CPU
	EndGlobalSection
	GlobalSection(SolutionProperties) = preSolution
		HideSolutionNode = FALSE
	EndGlobalSection
	GlobalSection(ExtensibilityGlobals) = postSolution
		SolutionGuid = {DB491933-1BDB-4530-B71A-0C90423668DE}
	EndGlobalSection
EndGlobal
